Microsoft Visual Studio Solution File, Format Version 12.00
# Visual Studio Version 17
VisualStudioVersion = 17.5.2.0
MinimumVisualStudioVersion = 10.0.40219.1
Project("{FAE04EC0-301F-11D3-BF4B-00C04F79EFBC}") = "firstexer", "firstexer\firstexer.csproj", "{818FEFC3-8B48-75AF-8532-F30960FDEE84}"
EndProject
Global
	GlobalSection(SolutionConfigurationPlatforms) = preSolution
		Debug|Any CPU = Debug|Any CPU
		Release|Any CPU = Release|Any CPU
	EndGlobalSection
	GlobalSection(ProjectConfigurationPlatforms) = postSolution
		{818FEFC3-8B48-75AF-8532-F30960FDEE84}.Debug|Any CPU.ActiveCfg = Debug|Any CPU
		{818FEFC3-8B48-75AF-8532-F30960FDEE84}.Debug|Any CPU.Build.0 = Debug|Any CPU
		{818FEFC3-8B48-75AF-8532-F30960FDEE84}.Release|Any CPU.ActiveCfg = Release|Any CPU
		{818FEFC3-8B48-75AF-8532-F30960FDEE84}.Release|Any CPU.Build.0 = Release|Any CPU
	EndGlobalSection
	GlobalSection(SolutionProperties) = preSolution
		HideSolutionNode = FALSE
	EndGlobalSection
	GlobalSection(ExtensibilityGlobals) = postSolution
		SolutionGuid = {F3290421-8AD6-4944-A1EC-571463118888}
	EndGlobalSection
EndGlobal
