
Microsoft Visual Studio Solution File, Format Version 12.00
# Visual Studio Version 18
VisualStudioVersion = 18.3.11505.172 d18.3
MinimumVisualStudioVersion = 10.0.40219.1
Project("{FAE04EC0-301F-11D3-BF4B-00C04F79EFBC}") = "AttSys", "AttSys.csproj", "{9FB0CEFA-DF7F-F686-F5FB-CE9944CD80C3}"
EndProject
Global
	GlobalSection(SolutionConfigurationPlatforms) = preSolution
		Debug|Any CPU = Debug|Any CPU
		Release|Any CPU = Release|Any CPU
	EndGlobalSection
	GlobalSection(ProjectConfigurationPlatforms) = postSolution
		{9FB0CEFA-DF7F-F686-F5FB-CE9944CD80C3}.Debug|Any CPU.ActiveCfg = Debug|Any CPU
		{9FB0CEFA-DF7F-F686-F5FB-CE9944CD80C3}.Debug|Any CPU.Build.0 = Debug|Any CPU
		{9FB0CEFA-DF7F-F686-F5FB-CE9944CD80C3}.Release|Any CPU.ActiveCfg = Release|Any CPU
		{9FB0CEFA-DF7F-F686-F5FB-CE9944CD80C3}.Release|Any CPU.Build.0 = Release|Any CPU
	EndGlobalSection
	GlobalSection(SolutionProperties) = preSolution
		HideSolutionNode = FALSE
	EndGlobalSection
	GlobalSection(ExtensibilityGlobals) = postSolution
		SolutionGuid = {9CEFE44D-A65A-4A87-852D-0E12BF7F7A15}
	EndGlobalSection
EndGlobal
